<Solution>
  <Folder Name="/src/">
    <Project Path="src/Seiza.App/Seiza.App.csproj" />
  </Folder>
  <Folder Name="/tests/">
    <Project Path="tests/Seiza.App.Tests/Seiza.App.Tests.csproj" />
    <Project Path="tests/Seiza.App.Windows.Tests/Seiza.App.Windows.Tests.csproj" />
  </Folder>
</Solution>
